
Microsoft Visual Studio Solution File, Format Version 12.00
# Visual Studio Version 16
VisualStudioVersion = 16.0.30804.86
MinimumVisualStudioVersion = 10.0.40219.1
Project("{9A19103F-16F7-4668-BE54-9A1E7A4F7556}") = "Marvel.API", "Marvel.API\Marvel.API.csproj", "{828007AA-A341-4CA3-85D6-761B79069DA6}"
	ProjectSection(ProjectDependencies) = postProject
		{AD9CC9C9-3B6B-489F-AF59-2B14F32786D2} = {AD9CC9C9-3B6B-489F-AF59-2B14F32786D2}
	EndProjectSection
EndProject
Project("{9A19103F-16F7-4668-BE54-9A1E7A4F7556}") = "Marvel.Tests", "Marvel.Tests\Marvel.Tests.csproj", "{B713C3DD-5CC9-44C4-B54A-D46E06793647}"
EndProject
Project("{9A19103F-16F7-4668-BE54-9A1E7A4F7556}") = "Marvel.Data", "Marvel.Data\Marvel.Data.csproj", "{AD9CC9C9-3B6B-489F-AF59-2B14F32786D2}"
EndProject
Project("{2150E333-8FDC-42A3-9474-1A3956D46DE8}") = "Solution Items", "Solution Items", "{D85A88D6-C0FB-4F9F-9933-28F8CDAC65AC}"
	ProjectSection(SolutionItems) = preProject
		README.md = README.md
	EndProjectSection
EndProject
Global
	GlobalSection(SolutionConfigurationPlatforms) = preSolution
		Debug|Any CPU = Debug|Any CPU
		Release|Any CPU = Release|Any CPU
	EndGlobalSection
	GlobalSection(ProjectConfigurationPlatforms) = postSolution
		{828007AA-A341-4CA3-85D6-761B79069DA6}.Debug|Any CPU.ActiveCfg = Debug|Any CPU
		{828007AA-A341-4CA3-85D6-761B79069DA6}.Debug|Any CPU.Build.0 = Debug|Any CPU
		{828007AA-A341-4CA3-85D6-761B79069DA6}.Release|Any CPU.ActiveCfg = Release|Any CPU
		{828007AA-A341-4CA3-85D6-761B79069DA6}.Release|Any CPU.Build.0 = Release|Any CPU
		{B713C3DD-5CC9-44C4-B54A-D46E06793647}.Debug|Any CPU.ActiveCfg = Debug|Any CPU
		{B713C3DD-5CC9-44C4-B54A-D46E06793647}.Debug|Any CPU.Build.0 = Debug|Any CPU
		{B713C3DD-5CC9-44C4-B54A-D46E06793647}.Release|Any CPU.ActiveCfg = Release|Any CPU
		{B713C3DD-5CC9-44C4-B54A-D46E06793647}.Release|Any CPU.Build.0 = Release|Any CPU
		{AD9CC9C9-3B6B-489F-AF59-2B14F32786D2}.Debug|Any CPU.ActiveCfg = Debug|Any CPU
		{AD9CC9C9-3B6B-489F-AF59-2B14F32786D2}.Debug|Any CPU.Build.0 = Debug|Any CPU
		{AD9CC9C9-3B6B-489F-AF59-2B14F32786D2}.Release|Any CPU.ActiveCfg = Release|Any CPU
		{AD9CC9C9-3B6B-489F-AF59-2B14F32786D2}.Release|Any CPU.Build.0 = Release|Any CPU
	EndGlobalSection
	GlobalSection(SolutionProperties) = preSolution
		HideSolutionNode = FALSE
	EndGlobalSection
	GlobalSection(ExtensibilityGlobals) = postSolution
		SolutionGuid = {47FF53AC-FC96-4A80-936F-76F8014611EC}
	EndGlobalSection
EndGlobal
